
Microsoft Visual Studio Solution File, Format Version 12.00
# Visual Studio Version 17
VisualStudioVersion = 17.7.34221.43
MinimumVisualStudioVersion = 10.0.40219.1
Project("{8BC9CEB8-8B4A-11D0-8D11-00A0C91BC942}") = "Visualizer", "Visualizer.vcxproj", "{8A83C181-93B3-49D9-8054-F0085BC64B5A}"
EndProject
Project("{8BC9CEB8-8B4A-11D0-8D11-00A0C91BC942}") = "Geometry", "Geometry\Geometry.vcxproj", "{73D4B244-17D4-4122-9379-DF578E5909C5}"
EndProject
Project("{8BC9CEB8-8B4A-11D0-8D11-00A0C91BC942}") = "BezierCurve", "BezierCurve\BezierCurve.vcxproj", "{B4EB0CC5-A76D-46CC-BB9D-850FF95CB461}"
EndProject
Project("{8BC9CEB8-8B4A-11D0-8D11-00A0C91BC942}") = "HermiteCurve", "HermiteCurve\HermiteCurve.vcxproj", "{68BFD7C3-3BF9-49E1-977D-B967368CA209}"
EndProject
Project("{8BC9CEB8-8B4A-11D0-8D11-00A0C91BC942}") = "Z_Buffer", "Z_Buffer\Z_Buffer.vcxproj", "{F1B0276B-9B32-4265-9F7D-8CFEF6FBD6CD}"
EndProject
Project("{8BC9CEB8-8B4A-11D0-8D11-00A0C91BC942}") = "BSplineCurve", "BSplineCurve\BSplineCurve.vcxproj", "{13ADD9E9-A5ED-4B21-943E-E45BBCE6436F}"
EndProject
Global
	GlobalSection(SolutionConfigurationPlatforms) = preSolution
		Debug|x64 = Debug|x64
		Debug|x86 = Debug|x86
		Release|x64 = Release|x64
		Release|x86 = Release|x86
	EndGlobalSection
	GlobalSection(ProjectConfigurationPlatforms) = postSolution
		{8A83C181-93B3-49D9-8054-F0085BC64B5A}.Debug|x64.ActiveCfg = Debug|x64
		{8A83C181-93B3-49D9-8054-F0085BC64B5A}.Debug|x64.Build.0 = Debug|x64
		{8A83C181-93B3-49D9-8054-F0085BC64B5A}.Debug|x86.ActiveCfg = Debug|x64
		{8A83C181-93B3-49D9-8054-F0085BC64B5A}.Debug|x86.Build.0 = Debug|x64
		{8A83C181-93B3-49D9-8054-F0085BC64B5A}.Release|x64.ActiveCfg = Release|x64
		{8A83C181-93B3-49D9-8054-F0085BC64B5A}.Release|x64.Build.0 = Release|x64
		{8A83C181-93B3-49D9-8054-F0085BC64B5A}.Release|x86.ActiveCfg = Release|x64
		{8A83C181-93B3-49D9-8054-F0085BC64B5A}.Release|x86.Build.0 = Release|x64
		{73D4B244-17D4-4122-9379-DF578E5909C5}.Debug|x64.ActiveCfg = Debug|x64
		{73D4B244-17D4-4122-9379-DF578E5909C5}.Debug|x64.Build.0 = Debug|x64
		{73D4B244-17D4-4122-9379-DF578E5909C5}.Debug|x86.ActiveCfg = Debug|Win32
		{73D4B244-17D4-4122-9379-DF578E5909C5}.Debug|x86.Build.0 = Debug|Win32
		{73D4B244-17D4-4122-9379-DF578E5909C5}.Release|x64.ActiveCfg = Release|x64
		{73D4B244-17D4-4122-9379-DF578E5909C5}.Release|x64.Build.0 = Release|x64
		{73D4B244-17D4-4122-9379-DF578E5909C5}.Release|x86.ActiveCfg = Release|Win32
		{73D4B244-17D4-4122-9379-DF578E5909C5}.Release|x86.Build.0 = Release|Win32
		{B4EB0CC5-A76D-46CC-BB9D-850FF95CB461}.Debug|x64.ActiveCfg = Debug|x64
		{B4EB0CC5-A76D-46CC-BB9D-850FF95CB461}.Debug|x64.Build.0 = Debug|x64
		{B4EB0CC5-A76D-46CC-BB9D-850FF95CB461}.Debug|x86.ActiveCfg = Debug|Win32
		{B4EB0CC5-A76D-46CC-BB9D-850FF95CB461}.Debug|x86.Build.0 = Debug|Win32
		{B4EB0CC5-A76D-46CC-BB9D-850FF95CB461}.Release|x64.ActiveCfg = Release|x64
		{B4EB0CC5-A76D-46CC-BB9D-850FF95CB461}.Release|x64.Build.0 = Release|x64
		{B4EB0CC5-A76D-46CC-BB9D-850FF95CB461}.Release|x86.ActiveCfg = Release|Win32
		{B4EB0CC5-A76D-46CC-BB9D-850FF95CB461}.Release|x86.Build.0 = Release|Win32
		{68BFD7C3-3BF9-49E1-977D-B967368CA209}.Debug|x64.ActiveCfg = Debug|x64
		{68BFD7C3-3BF9-49E1-977D-B967368CA209}.Debug|x64.Build.0 = Debug|x64
		{68BFD7C3-3BF9-49E1-977D-B967368CA209}.Debug|x86.ActiveCfg = Debug|Win32
		{68BFD7C3-3BF9-49E1-977D-B967368CA209}.Debug|x86.Build.0 = Debug|Win32
		{68BFD7C3-3BF9-49E1-977D-B967368CA209}.Release|x64.ActiveCfg = Release|x64
		{68BFD7C3-3BF9-49E1-977D-B967368CA209}.Release|x64.Build.0 = Release|x64
		{68BFD7C3-3BF9-49E1-977D-B967368CA209}.Release|x86.ActiveCfg = Release|Win32
		{68BFD7C3-3BF9-49E1-977D-B967368CA209}.Release|x86.Build.0 = Release|Win32
		{F1B0276B-9B32-4265-9F7D-8CFEF6FBD6CD}.Debug|x64.ActiveCfg = Debug|x64
		{F1B0276B-9B32-4265-9F7D-8CFEF6FBD6CD}.Debug|x64.Build.0 = Debug|x64
		{F1B0276B-9B32-4265-9F7D-8CFEF6FBD6CD}.Debug|x86.ActiveCfg = Debug|Win32
		{F1B0276B-9B32-4265-9F7D-8CFEF6FBD6CD}.Debug|x86.Build.0 = Debug|Win32
		{F1B0276B-9B32-4265-9F7D-8CFEF6FBD6CD}.Release|x64.ActiveCfg = Release|x64
		{F1B0276B-9B32-4265-9F7D-8CFEF6FBD6CD}.Release|x64.Build.0 = Release|x64
		{F1B0276B-9B32-4265-9F7D-8CFEF6FBD6CD}.Release|x86.ActiveCfg = Release|Win32
		{F1B0276B-9B32-4265-9F7D-8CFEF6FBD6CD}.Release|x86.Build.0 = Release|Win32
		{13ADD9E9-A5ED-4B21-943E-E45BBCE6436F}.Debug|x64.ActiveCfg = Debug|x64
		{13ADD9E9-A5ED-4B21-943E-E45BBCE6436F}.Debug|x64.Build.0 = Debug|x64
		{13ADD9E9-A5ED-4B21-943E-E45BBCE6436F}.Debug|x86.ActiveCfg = Debug|Win32
		{13ADD9E9-A5ED-4B21-943E-E45BBCE6436F}.Debug|x86.Build.0 = Debug|Win32
		{13ADD9E9-A5ED-4B21-943E-E45BBCE6436F}.Release|x64.ActiveCfg = Release|x64
		{13ADD9E9-A5ED-4B21-943E-E45BBCE6436F}.Release|x64.Build.0 = Release|x64
		{13ADD9E9-A5ED-4B21-943E-E45BBCE6436F}.Release|x86.ActiveCfg = Release|Win32
		{13ADD9E9-A5ED-4B21-943E-E45BBCE6436F}.Release|x86.Build.0 = Release|Win32
	EndGlobalSection
	GlobalSection(SolutionProperties) = preSolution
		HideSolutionNode = FALSE
	EndGlobalSection
	GlobalSection(ExtensibilityGlobals) = postSolution
		SolutionGuid = {8B423D7D-5E61-4410-B4F1-939BFF925A15}
	EndGlobalSection
EndGlobal
